// !$*UTF8*$!
{
	archiveVersion = 1;
	classes = {
	};
	objectVersion = 46;
	objects = {

/* Begin PBXBuildFile section */
		2B9641361C9DFCA000D219F3 /* Bolts.framework in Frameworks */ = {isa = PBXBuildFile; fileRef = 2B9641321C9DFCA000D219F3 /* Bolts.framework */; };
		2B9641371C9DFCA000D219F3 /* FBAudienceNetwork.framework in Frameworks */ = {isa = PBXBuildFile; fileRef = 2B9641331C9DFCA000D219F3 /* FBAudienceNetwork.framework */; };
		2B9641381C9DFCA000D219F3 /* FBSDKLoginKit.framework in Frameworks */ = {isa = PBXBuildFile; fileRef = 2B9641341C9DFCA000D219F3 /* FBSDKLoginKit.framework */; };
		2B9641391C9DFCA000D219F3 /* FBSDKMessengerShareKit.framework in Frameworks */ = {isa = PBXBuildFile; fileRef = 2B9641351C9DFCA000D219F3 /* FBSDKMessengerShareKit.framework */; };
		2B96413A1C9DFCC300D219F3 /* SystemConfiguration.framework in Frameworks */ = {isa = PBXBuildFile; fileRef = 328450CA1A0F99D5006E0E95 /* SystemConfiguration.framework */; };
		328450BB1A0F998E006E0E95 /* GoogleOpenSource.framework in Frameworks */ = {isa = PBXBuildFile; fileRef = 328450B81A0F998E006E0E95 /* GoogleOpenSource.framework */; };
		328450BC1A0F998E006E0E95 /* GooglePlus.bundle in Resources */ = {isa = PBXBuildFile; fileRef = 328450B91A0F998E006E0E95 /* GooglePlus.bundle */; };
		328450BD1A0F998E006E0E95 /* GooglePlus.framework in Frameworks */ = {isa = PBXBuildFile; fileRef = 328450BA1A0F998E006E0E95 /* GooglePlus.framework */; };
		328450BF1A0F999C006E0E95 /* AddressBook.framework in Frameworks */ = {isa = PBXBuildFile; fileRef = 328450BE1A0F999C006E0E95 /* AddressBook.framework */; };
		328450C11A0F99A2006E0E95 /* AssetsLibrary.framework in Frameworks */ = {isa = PBXBuildFile; fileRef = 328450C01A0F99A2006E0E95 /* AssetsLibrary.framework */; };
		328450C31A0F99A9006E0E95 /* CoreLocation.framework in Frameworks */ = {isa = PBXBuildFile; fileRef = 328450C21A0F99A9006E0E95 /* CoreLocation.framework */; };
		328450C51A0F99B2006E0E95 /* CoreMotion.framework in Frameworks */ = {isa = PBXBuildFile; fileRef = 328450C41A0F99B2006E0E95 /* CoreMotion.framework */; };
		328450C71A0F99C1006E0E95 /* CoreText.framework in Frameworks */ = {isa = PBXBuildFile; fileRef = 328450C61A0F99C1006E0E95 /* CoreText.framework */; };
		328450C91A0F99C9006E0E95 /* MediaPlayer.framework in Frameworks */ = {isa = PBXBuildFile; fileRef = 328450C81A0F99C9006E0E95 /* MediaPlayer.framework */; };
		3A4D84F3196371740030C5D5 /* libSoomlaiOSProfile.a in Frameworks */ = {isa = PBXBuildFile; fileRef = 3AF01CEA1960C98D0088836B /* libSoomlaiOSProfile.a */; };
		448E9BBA1BFE1B2B0079DD63 /* ../social-providers/ios-profile-facebook/libs/FacebookSDKStrings.bundle in Resources */ = {isa = PBXBuildFile; fileRef = 448E9BB61BFE1B2A0079DD63 /* ../social-providers/ios-profile-facebook/libs/FacebookSDKStrings.bundle */; };
		448E9BBB1BFE1B2B0079DD63 /* ../social-providers/ios-profile-facebook/libs/FBSDKCoreKit.framework in Frameworks */ = {isa = PBXBuildFile; fileRef = 448E9BB71BFE1B2A0079DD63 /* ../social-providers/ios-profile-facebook/libs/FBSDKCoreKit.framework */; };
		448E9BBC1BFE1B2B0079DD63 /* ../social-providers/ios-profile-facebook/libs/FBSDKShareKit.framework in Frameworks */ = {isa = PBXBuildFile; fileRef = 448E9BB81BFE1B2B0079DD63 /* ../social-providers/ios-profile-facebook/libs/FBSDKShareKit.framework */; };
		A68154D8FFEC09F83E807BF3 /* FBSDKMessengerShareKit in Resources */ = {isa = PBXBuildFile; fileRef = A681556E5FD3F3BA9557F5B7 /* FBSDKMessengerShareKit */; };
		A681565D16B45AB7B208F8E4 /* module.modulemap in Sources */ = {isa = PBXBuildFile; fileRef = A68158DBAC9700D352F139D7 /* module.modulemap */; };
		A68156A4D64A3B43AA23FED3 /* module.modulemap in Sources */ = {isa = PBXBuildFile; fileRef = A6815D23A56F087D7C62E712 /* module.modulemap */; };
		A68156ABA642C0CD10EFDAA3 /* FBAudienceNetwork in Resources */ = {isa = PBXBuildFile; fileRef = A68153FACB0ABE1CCE3DD340 /* FBAudienceNetwork */; };
		A68157D5B5983962E1635A05 /* Info.plist in Resources */ = {isa = PBXBuildFile; fileRef = A68154C5C278416A0F5354D9 /* Info.plist */; };
		A6815921BF54E3384B0516C3 /* Info.plist in Resources */ = {isa = PBXBuildFile; fileRef = A6815EE433FE8C9FD09DA64B /* Info.plist */; };
		A6815979503EAEA3055B43AB /* module.modulemap in Sources */ = {isa = PBXBuildFile; fileRef = A6815C7110110D15CFD4AB15 /* module.modulemap */; };
		A6815C4004DAC1ED678667AF /* Info.plist in Resources */ = {isa = PBXBuildFile; fileRef = A68152DA085270074EBCA2E9 /* Info.plist */; };
		A6815D4F29E86927C586BEC6 /* module.modulemap in Sources */ = {isa = PBXBuildFile; fileRef = A6815168677580A5E3AD670D /* module.modulemap */; };
		A6815DE9B602C2E7F546B94C /* Info.plist in Resources */ = {isa = PBXBuildFile; fileRef = A68158FDB782D972C9849D89 /* Info.plist */; };
		A6815E0EC74654D85E170404 /* Bolts in Resources */ = {isa = PBXBuildFile; fileRef = A6815ABB25D6BE31A78EBB73 /* Bolts */; };
		A6815E471CCE0DC6D5A951D0 /* FBSDKLoginKit in Resources */ = {isa = PBXBuildFile; fileRef = A681543C8DE3DB2D3C3791F9 /* FBSDKLoginKit */; };
		C0443EC71A2798BE004C0E5F /* AdSupport.framework in Frameworks */ = {isa = PBXBuildFile; fileRef = C0443EC61A2798BE004C0E5F /* AdSupport.framework */; };
		C0443EC91A279A17004C0E5F /* libSoomlaiOSCore.a in Frameworks */ = {isa = PBXBuildFile; fileRef = C0443EC81A279A17004C0E5F /* libSoomlaiOSCore.a */; };
		EF83619019472A23003526D7 /* Foundation.framework in Frameworks */ = {isa = PBXBuildFile; fileRef = EF83618F19472A23003526D7 /* Foundation.framework */; };
		EF83619219472A23003526D7 /* CoreGraphics.framework in Frameworks */ = {isa = PBXBuildFile; fileRef = EF83619119472A23003526D7 /* CoreGraphics.framework */; };
		EF83619419472A23003526D7 /* UIKit.framework in Frameworks */ = {isa = PBXBuildFile; fileRef = EF83619319472A23003526D7 /* UIKit.framework */; };
		EF83619A19472A23003526D7 /* InfoPlist.strings in Resources */ = {isa = PBXBuildFile; fileRef = EF83619819472A23003526D7 /* InfoPlist.strings */; };
		EF83619C19472A23003526D7 /* main.m in Sources */ = {isa = PBXBuildFile; fileRef = EF83619B19472A23003526D7 /* main.m */; };
		EF8361A019472A23003526D7 /* AppDelegate.m in Sources */ = {isa = PBXBuildFile; fileRef = EF83619F19472A23003526D7 /* AppDelegate.m */; };
		EF8361A319472A23003526D7 /* Main_iPhone.storyboard in Resources */ = {isa = PBXBuildFile; fileRef = EF8361A119472A23003526D7 /* Main_iPhone.storyboard */; };
		EF8361A619472A23003526D7 /* Main_iPad.storyboard in Resources */ = {isa = PBXBuildFile; fileRef = EF8361A419472A23003526D7 /* Main_iPad.storyboard */; };
		EF8361A919472A23003526D7 /* ViewController.m in Sources */ = {isa = PBXBuildFile; fileRef = EF8361A819472A23003526D7 /* ViewController.m */; };
		EF8361AB19472A23003526D7 /* Images.xcassets in Resources */ = {isa = PBXBuildFile; fileRef = EF8361AA19472A23003526D7 /* Images.xcassets */; };
		EF8361EF19473D52003526D7 /* Security.framework in Frameworks */ = {isa = PBXBuildFile; fileRef = EF8361EE19473D52003526D7 /* Security.framework */; };
		EF8361F119473D57003526D7 /* StoreKit.framework in Frameworks */ = {isa = PBXBuildFile; fileRef = EF8361F019473D57003526D7 /* StoreKit.framework */; };
		EF8361F319473D68003526D7 /* libsqlite3.0.dylib in Frameworks */ = {isa = PBXBuildFile; fileRef = EF8361F219473D68003526D7 /* libsqlite3.0.dylib */; };
		F842F7D01A0930B400CDCA7C /* Accounts.framework in Frameworks */ = {isa = PBXBuildFile; fileRef = F842F6A11A09091F00CDCA7C /* Accounts.framework */; };
		F842F7D11A0930B800CDCA7C /* Twitter.framework in Frameworks */ = {isa = PBXBuildFile; fileRef = F8D278A11A0775E10058C109 /* Twitter.framework */; };
		F842F7D21A0930C300CDCA7C /* Social.framework in Frameworks */ = {isa = PBXBuildFile; fileRef = F842F6A41A09093100CDCA7C /* Social.framework */; };
/* End PBXBuildFile section */

/* Begin PBXContainerItemProxy section */
		3A4D84EE1961BE460030C5D5 /* PBXContainerItemProxy */ = {
			isa = PBXContainerItemProxy;
			containerPortal = 3AF01CE41960C98D0088836B /* SoomlaiOSProfile.xcodeproj */;
			proxyType = 1;
			remoteGlobalIDString = EF356EF9193C90560081DCE0;
			remoteInfo = SoomlaiOSProfile;
		};
		3AF01CE91960C98D0088836B /* PBXContainerItemProxy */ = {
			isa = PBXContainerItemProxy;
			containerPortal = 3AF01CE41960C98D0088836B /* SoomlaiOSProfile.xcodeproj */;
			proxyType = 2;
			remoteGlobalIDString = EF356EFA193C90560081DCE0;
			remoteInfo = SoomlaiOSProfile;
		};
		448E9BB31BFE1A6C0079DD63 /* PBXContainerItemProxy */ = {
			isa = PBXContainerItemProxy;
			containerPortal = 448E9BAF1BFE1A6C0079DD63 /* SoomlaiOSCore.xcodeproj */;
			proxyType = 2;
			remoteGlobalIDString = C0B3C5EF168C6D0C00161FAA;
			remoteInfo = SoomlaiOSCore;
		};
/* End PBXContainerItemProxy section */

/* Begin PBXFileReference section */
		2B9641321C9DFCA000D219F3 /* Bolts.framework */ = {isa = PBXFileReference; lastKnownFileType = wrapper.framework; path = Bolts.framework; sourceTree = "<group>"; };
		2B9641331C9DFCA000D219F3 /* FBAudienceNetwork.framework */ = {isa = PBXFileReference; lastKnownFileType = wrapper.framework; path = FBAudienceNetwork.framework; sourceTree = "<group>"; };
		2B9641341C9DFCA000D219F3 /* FBSDKLoginKit.framework */ = {isa = PBXFileReference; lastKnownFileType = wrapper.framework; path = FBSDKLoginKit.framework; sourceTree = "<group>"; };
		2B9641351C9DFCA000D219F3 /* FBSDKMessengerShareKit.framework */ = {isa = PBXFileReference; lastKnownFileType = wrapper.framework; path = FBSDKMessengerShareKit.framework; sourceTree = "<group>"; };
		328450B81A0F998E006E0E95 /* GoogleOpenSource.framework */ = {isa = PBXFileReference; lastKnownFileType = wrapper.framework; name = GoogleOpenSource.framework; path = "../social-providers/ios-profile-google/libs/GoogleOpenSource.framework"; sourceTree = "<group>"; };
		328450B91A0F998E006E0E95 /* GooglePlus.bundle */ = {isa = PBXFileReference; lastKnownFileType = "wrapper.plug-in"; name = GooglePlus.bundle; path = "../social-providers/ios-profile-google/libs/GooglePlus.bundle"; sourceTree = "<group>"; };
		328450BA1A0F998E006E0E95 /* GooglePlus.framework */ = {isa = PBXFileReference; lastKnownFileType = wrapper.framework; name = GooglePlus.framework; path = "../social-providers/ios-profile-google/libs/GooglePlus.framework"; sourceTree = "<group>"; };
		328450BE1A0F999C006E0E95 /* AddressBook.framework */ = {isa = PBXFileReference; lastKnownFileType = wrapper.framework; name = AddressBook.framework; path = System/Library/Frameworks/AddressBook.framework; sourceTree = SDKROOT; };
		328450C01A0F99A2006E0E95 /* AssetsLibrary.framework */ = {isa = PBXFileReference; lastKnownFileType = wrapper.framework; name = AssetsLibrary.framework; path = System/Library/Frameworks/AssetsLibrary.framework; sourceTree = SDKROOT; };
		328450C21A0F99A9006E0E95 /* CoreLocation.framework */ = {isa = PBXFileReference; lastKnownFileType = wrapper.framework; name = CoreLocation.framework; path = System/Library/Frameworks/CoreLocation.framework; sourceTree = SDKROOT; };
		328450C41A0F99B2006E0E95 /* CoreMotion.framework */ = {isa = PBXFileReference; lastKnownFileType = wrapper.framework; name = CoreMotion.framework; path = System/Library/Frameworks/CoreMotion.framework; sourceTree = SDKROOT; };
		328450C61A0F99C1006E0E95 /* CoreText.framework */ = {isa = PBXFileReference; lastKnownFileType = wrapper.framework; name = CoreText.framework; path = System/Library/Frameworks/CoreText.framework; sourceTree = SDKROOT; };
		328450C81A0F99C9006E0E95 /* MediaPlayer.framework */ = {isa = PBXFileReference; lastKnownFileType = wrapper.framework; name = MediaPlayer.framework; path = System/Library/Frameworks/MediaPlayer.framework; sourceTree = SDKROOT; };
		328450CA1A0F99D5006E0E95 /* SystemConfiguration.framework */ = {isa = PBXFileReference; lastKnownFileType = wrapper.framework; name = SystemConfiguration.framework; path = System/Library/Frameworks/SystemConfiguration.framework; sourceTree = SDKROOT; };
		3AF01CE41960C98D0088836B /* SoomlaiOSProfile.xcodeproj */ = {isa = PBXFileReference; lastKnownFileType = "wrapper.pb-project"; name = SoomlaiOSProfile.xcodeproj; path = ../SoomlaiOSProfile.xcodeproj; sourceTree = "<group>"; };
		448E9BAF1BFE1A6C0079DD63 /* SoomlaiOSCore.xcodeproj */ = {isa = PBXFileReference; lastKnownFileType = "wrapper.pb-project"; name = SoomlaiOSCore.xcodeproj; path = "../submodules/soomla-ios-core/SoomlaiOSCore.xcodeproj"; sourceTree = "<group>"; };
		448E9BB61BFE1B2A0079DD63 /* ../social-providers/ios-profile-facebook/libs/FacebookSDKStrings.bundle */ = {isa = PBXFileReference; lastKnownFileType = "wrapper.plug-in"; path = "../social-providers/ios-profile-facebook/libs/FacebookSDKStrings.bundle"; sourceTree = "<group>"; };
		448E9BB71BFE1B2A0079DD63 /* ../social-providers/ios-profile-facebook/libs/FBSDKCoreKit.framework */ = {isa = PBXFileReference; lastKnownFileType = wrapper.framework; path = "../social-providers/ios-profile-facebook/libs/FBSDKCoreKit.framework"; sourceTree = "<group>"; };
		448E9BB81BFE1B2B0079DD63 /* ../social-providers/ios-profile-facebook/libs/FBSDKShareKit.framework */ = {isa = PBXFileReference; lastKnownFileType = wrapper.framework; path = "../social-providers/ios-profile-facebook/libs/FBSDKShareKit.framework"; sourceTree = "<group>"; };
		A681504D4843DA4A889A9E35 /* BFAppLinkReturnToRefererController.h */ = {isa = PBXFileReference; fileEncoding = 4; lastKnownFileType = sourcecode.c.h; path = BFAppLinkReturnToRefererController.h; sourceTree = "<group>"; };
		A68151079A73A80D7530037A /* FBMediaView.h */ = {isa = PBXFileReference; fileEncoding = 4; lastKnownFileType = sourcecode.c.h; path = FBMediaView.h; sourceTree = "<group>"; };
		A6815168677580A5E3AD670D /* module.modulemap */ = {isa = PBXFileReference; fileEncoding = 4; lastKnownFileType = "sourcecode.module-map"; path = module.modulemap; sourceTree = "<group>"; };
		A68151CBAD7F5660ED2969AB /* FBSDKMessengerBroadcastContext.h */ = {isa = PBXFileReference; fileEncoding = 4; lastKnownFileType = sourcecode.c.h; path = FBSDKMessengerBroadcastContext.h; sourceTree = "<group>"; };
		A681520F1D136A20083AFD6C /* BFWebViewAppLinkResolver.h */ = {isa = PBXFileReference; fileEncoding = 4; lastKnownFileType = sourcecode.c.h; path = BFWebViewAppLinkResolver.h; sourceTree = "<group>"; };
		A681522EB8A626DBB5B2B866 /* BFTaskCompletionSource.h */ = {isa = PBXFileReference; fileEncoding = 4; lastKnownFileType = sourcecode.c.h; path = BFTaskCompletionSource.h; sourceTree = "<group>"; };
		A681525E49D7514A49F5387B /* FBAdView.h */ = {isa = PBXFileReference; fileEncoding = 4; lastKnownFileType = sourcecode.c.h; path = FBAdView.h; sourceTree = "<group>"; };
		A681527AEEA3037A5ED3DFBF /* FBSDKMessengerShareOptions.h */ = {isa = PBXFileReference; fileEncoding = 4; lastKnownFileType = sourcecode.c.h; path = FBSDKMessengerShareOptions.h; sourceTree = "<group>"; };
		A68152D8D8FD1C261DE99ACE /* BFMeasurementEvent.h */ = {isa = PBXFileReference; fileEncoding = 4; lastKnownFileType = sourcecode.c.h; path = BFMeasurementEvent.h; sourceTree = "<group>"; };
		A68152DA085270074EBCA2E9 /* Info.plist */ = {isa = PBXFileReference; fileEncoding = 4; lastKnownFileType = text.plist.info; path = Info.plist; sourceTree = "<group>"; };
		A6815306A3EE838A3FA0C95E /* FBAudienceNetwork.h */ = {isa = PBXFileReference; fileEncoding = 4; lastKnownFileType = sourcecode.c.h; path = FBAudienceNetwork.h; sourceTree = "<group>"; };
		A6815315ABEB3EB40B6825A7 /* FBNativeAdTableViewCellProvider.h */ = {isa = PBXFileReference; fileEncoding = 4; lastKnownFileType = sourcecode.c.h; path = FBNativeAdTableViewCellProvider.h; sourceTree = "<group>"; };
		A68153CB23D6D31D863CB1D9 /* BFAppLinkResolving.h */ = {isa = PBXFileReference; fileEncoding = 4; lastKnownFileType = sourcecode.c.h; path = BFAppLinkResolving.h; sourceTree = "<group>"; };
		A68153CF1412929A5D78E760 /* FBAdDefines.h */ = {isa = PBXFileReference; fileEncoding = 4; lastKnownFileType = sourcecode.c.h; path = FBAdDefines.h; sourceTree = "<group>"; };
		A68153D59F192A8F206EAF8D /* FBSDKMessengerURLHandlerCancelContext.h */ = {isa = PBXFileReference; fileEncoding = 4; lastKnownFileType = sourcecode.c.h; path = FBSDKMessengerURLHandlerCancelContext.h; sourceTree = "<group>"; };
		A68153FACB0ABE1CCE3DD340 /* FBAudienceNetwork */ = {isa = PBXFileReference; fileEncoding = 4; lastKnownFileType = text; path = FBAudienceNetwork; sourceTree = "<group>"; };
		A681543C8DE3DB2D3C3791F9 /* FBSDKLoginKit */ = {isa = PBXFileReference; fileEncoding = 4; lastKnownFileType = text; path = FBSDKLoginKit; sourceTree = "<group>"; };
		A681547569AC1A2622FFF389 /* FBSDKMessengerURLHandlerReplyContext.h */ = {isa = PBXFileReference; fileEncoding = 4; lastKnownFileType = sourcecode.c.h; path = FBSDKMessengerURLHandlerReplyContext.h; sourceTree = "<group>"; };
		A68154A87CE64FDDB5C52543 /* FBNativeAdTableViewAdProvider.h */ = {isa = PBXFileReference; fileEncoding = 4; lastKnownFileType = sourcecode.c.h; path = FBNativeAdTableViewAdProvider.h; sourceTree = "<group>"; };
		A68154C5C278416A0F5354D9 /* Info.plist */ = {isa = PBXFileReference; fileEncoding = 4; lastKnownFileType = text.plist.info; path = Info.plist; sourceTree = "<group>"; };
		A681555242B0310A5889D1CB /* FBInterstitialAd.h */ = {isa = PBXFileReference; fileEncoding = 4; lastKnownFileType = sourcecode.c.h; path = FBInterstitialAd.h; sourceTree = "<group>"; };
		A681555D4B06D6174714C6C4 /* FBSDKLoginKit.h */ = {isa = PBXFileReference; fileEncoding = 4; lastKnownFileType = sourcecode.c.h; path = FBSDKLoginKit.h; sourceTree = "<group>"; };
		A681556E5FD3F3BA9557F5B7 /* FBSDKMessengerShareKit */ = {isa = PBXFileReference; fileEncoding = 4; lastKnownFileType = text; path = FBSDKMessengerShareKit; sourceTree = "<group>"; };
		A68156562D94F1C1F81AE33E /* BFCancellationToken.h */ = {isa = PBXFileReference; fileEncoding = 4; lastKnownFileType = sourcecode.c.h; path = BFCancellationToken.h; sourceTree = "<group>"; };
		A681572DD1C90C34E5ABF9CC /* FBSDKLoginButton.h */ = {isa = PBXFileReference; fileEncoding = 4; lastKnownFileType = sourcecode.c.h; path = FBSDKLoginButton.h; sourceTree = "<group>"; };
		A681574F413CC27228DF6820 /* FBNativeAd.h */ = {isa = PBXFileReference; fileEncoding = 4; lastKnownFileType = sourcecode.c.h; path = FBNativeAd.h; sourceTree = "<group>"; };
		A681575F66EA404C9317C623 /* FBSDKTooltipView.h */ = {isa = PBXFileReference; fileEncoding = 4; lastKnownFileType = sourcecode.c.h; path = FBSDKTooltipView.h; sourceTree = "<group>"; };
		A681579D1FE7A2F2955BBAF4 /* FBSDKMessengerContext.h */ = {isa = PBXFileReference; fileEncoding = 4; lastKnownFileType = sourcecode.c.h; path = FBSDKMessengerContext.h; sourceTree = "<group>"; };
		A68157CB39AAF441D80EC6DF /* FBSDKMessengerURLHandler.h */ = {isa = PBXFileReference; fileEncoding = 4; lastKnownFileType = sourcecode.c.h; path = FBSDKMessengerURLHandler.h; sourceTree = "<group>"; };
		A68157CB65B1DD2C4166CFD9 /* FBSDKMessengerSharer.h */ = {isa = PBXFileReference; fileEncoding = 4; lastKnownFileType = sourcecode.c.h; path = FBSDKMessengerSharer.h; sourceTree = "<group>"; };
		A681586FC0E415A191263EB5 /* FBSDKLoginManager.h */ = {isa = PBXFileReference; fileEncoding = 4; lastKnownFileType = sourcecode.c.h; path = FBSDKLoginManager.h; sourceTree = "<group>"; };
		A68158776D4B14028E32D224 /* BFURL.h */ = {isa = PBXFileReference; fileEncoding = 4; lastKnownFileType = sourcecode.c.h; path = BFURL.h; sourceTree = "<group>"; };
		A68158D757514E6D8E0D4EC7 /* FBSDKLoginConstants.h */ = {isa = PBXFileReference; fileEncoding = 4; lastKnownFileType = sourcecode.c.h; path = FBSDKLoginConstants.h; sourceTree = "<group>"; };
		A68158DBAC9700D352F139D7 /* module.modulemap */ = {isa = PBXFileReference; fileEncoding = 4; lastKnownFileType = "sourcecode.module-map"; path = module.modulemap; sourceTree = "<group>"; };
		A68158FDB782D972C9849D89 /* Info.plist */ = {isa = PBXFileReference; fileEncoding = 4; lastKnownFileType = text.plist.info; path = Info.plist; sourceTree = "<group>"; };
		A6815979023AAFE02856A40E /* Bolts.h */ = {isa = PBXFileReference; fileEncoding = 4; lastKnownFileType = sourcecode.c.h; path = Bolts.h; sourceTree = "<group>"; };
		A68159F5835E601EA18B7440 /* BFCancellationTokenRegistration.h */ = {isa = PBXFileReference; fileEncoding = 4; lastKnownFileType = sourcecode.c.h; path = BFCancellationTokenRegistration.h; sourceTree = "<group>"; };
		A6815A73D4838994FEBEF41D /* FBSDKMessengerShareKit.h */ = {isa = PBXFileReference; fileEncoding = 4; lastKnownFileType = sourcecode.c.h; path = FBSDKMessengerShareKit.h; sourceTree = "<group>"; };
		A6815A895987CA847CDB7B93 /* FBNativeAdScrollView.h */ = {isa = PBXFileReference; fileEncoding = 4; lastKnownFileType = sourcecode.c.h; path = FBNativeAdScrollView.h; sourceTree = "<group>"; };
		A6815ABB25D6BE31A78EBB73 /* Bolts */ = {isa = PBXFileReference; fileEncoding = 4; lastKnownFileType = text; path = Bolts; sourceTree = "<group>"; };
		A6815AE2C6B991A5C162651E /* FBSDKMessengerURLHandlerOpenFromComposerContext.h */ = {isa = PBXFileReference; fileEncoding = 4; lastKnownFileType = sourcecode.c.h; path = FBSDKMessengerURLHandlerOpenFromComposerContext.h; sourceTree = "<group>"; };
		A6815B18407356EFB1065CAB /* BoltsVersion.h */ = {isa = PBXFileReference; fileEncoding = 4; lastKnownFileType = sourcecode.c.h; path = BoltsVersion.h; sourceTree = "<group>"; };
		A6815B184D4A5D4C57AEFB6F /* BFAppLinkNavigation.h */ = {isa = PBXFileReference; fileEncoding = 4; lastKnownFileType = sourcecode.c.h; path = BFAppLinkNavigation.h; sourceTree = "<group>"; };
		A6815B1F41BBE3EC05CC4CBA /* FBSDKLoginManagerLoginResult.h */ = {isa = PBXFileReference; fileEncoding = 4; lastKnownFileType = sourcecode.c.h; path = FBSDKLoginManagerLoginResult.h; sourceTree = "<group>"; };
		A6815B4B920A2D2BBC0640AF /* BFExecutor.h */ = {isa = PBXFileReference; fileEncoding = 4; lastKnownFileType = sourcecode.c.h; path = BFExecutor.h; sourceTree = "<group>"; };
		A6815C41F676CA51029A9B96 /* BFAppLink.h */ = {isa = PBXFileReference; fileEncoding = 4; lastKnownFileType = sourcecode.c.h; path = BFAppLink.h; sourceTree = "<group>"; };
		A6815C5003407F2879504E9F /* BFTask.h */ = {isa = PBXFileReference; fileEncoding = 4; lastKnownFileType = sourcecode.c.h; path = BFTask.h; sourceTree = "<group>"; };
		A6815C7110110D15CFD4AB15 /* module.modulemap */ = {isa = PBXFileReference; fileEncoding = 4; lastKnownFileType = "sourcecode.module-map"; path = module.modulemap; sourceTree = "<group>"; };
		A6815C82DE1E97D30EB25ABD /* BFAppLinkReturnToRefererView.h */ = {isa = PBXFileReference; fileEncoding = 4; lastKnownFileType = sourcecode.c.h; path = BFAppLinkReturnToRefererView.h; sourceTree = "<group>"; };
		A6815CF09737C27BAD046310 /* BFAppLinkTarget.h */ = {isa = PBXFileReference; fileEncoding = 4; lastKnownFileType = sourcecode.c.h; path = BFAppLinkTarget.h; sourceTree = "<group>"; };
		A6815D14DCC5A78E222F4665 /* FBAdSize.h */ = {isa = PBXFileReference; fileEncoding = 4; lastKnownFileType = sourcecode.c.h; path = FBAdSize.h; sourceTree = "<group>"; };
		A6815D23A56F087D7C62E712 /* module.modulemap */ = {isa = PBXFileReference; fileEncoding = 4; lastKnownFileType = "sourcecode.module-map"; path = module.modulemap; sourceTree = "<group>"; };
		A6815D594C6B4B80DC019AFE /* FBNativeAdsManager.h */ = {isa = PBXFileReference; fileEncoding = 4; lastKnownFileType = sourcecode.c.h; path = FBNativeAdsManager.h; sourceTree = "<group>"; };
		A6815DE279E7421532CBCFC7 /* FBNativeAdView.h */ = {isa = PBXFileReference; fileEncoding = 4; lastKnownFileType = sourcecode.c.h; path = FBNativeAdView.h; sourceTree = "<group>"; };
		A6815E1E7B19770D86D2370E /* FBSDKLoginTooltipView.h */ = {isa = PBXFileReference; fileEncoding = 4; lastKnownFileType = sourcecode.c.h; path = FBSDKLoginTooltipView.h; sourceTree = "<group>"; };
		A6815E3B404595B8804E8DB9 /* BFCancellationTokenSource.h */ = {isa = PBXFileReference; fileEncoding = 4; lastKnownFileType = sourcecode.c.h; path = BFCancellationTokenSource.h; sourceTree = "<group>"; };
		A6815EA62B60471F25C8D11E /* FBAdChoicesView.h */ = {isa = PBXFileReference; fileEncoding = 4; lastKnownFileType = sourcecode.c.h; path = FBAdChoicesView.h; sourceTree = "<group>"; };
		A6815EE433FE8C9FD09DA64B /* Info.plist */ = {isa = PBXFileReference; fileEncoding = 4; lastKnownFileType = text.plist.info; path = Info.plist; sourceTree = "<group>"; };
		A6815F07F67BEEBCA2B15867 /* FBSDKMessengerButton.h */ = {isa = PBXFileReference; fileEncoding = 4; lastKnownFileType = sourcecode.c.h; path = FBSDKMessengerButton.h; sourceTree = "<group>"; };
		A6815F163FF26D8C30BD6959 /* FBAdSettings.h */ = {isa = PBXFileReference; fileEncoding = 4; lastKnownFileType = sourcecode.c.h; path = FBAdSettings.h; sourceTree = "<group>"; };
		C0443EC61A2798BE004C0E5F /* AdSupport.framework */ = {isa = PBXFileReference; lastKnownFileType = wrapper.framework; name = AdSupport.framework; path = System/Library/Frameworks/AdSupport.framework; sourceTree = SDKROOT; };
		C0443EC81A279A17004C0E5F /* libSoomlaiOSCore.a */ = {isa = PBXFileReference; lastKnownFileType = archive.ar; name = libSoomlaiOSCore.a; path = "../../../../../../Library/Developer/Xcode/DerivedData/SoomlaiOSProfileExample-hgqjbzjccesicgbhsfwwashvohwm/Build/Products/Debug-iphoneos/libSoomlaiOSCore.a"; sourceTree = "<group>"; };
		EF83618C19472A23003526D7 /* SoomlaiOSProfileExample.app */ = {isa = PBXFileReference; explicitFileType = wrapper.application; includeInIndex = 0; path = SoomlaiOSProfileExample.app; sourceTree = BUILT_PRODUCTS_DIR; };
		EF83618F19472A23003526D7 /* Foundation.framework */ = {isa = PBXFileReference; lastKnownFileType = wrapper.framework; name = Foundation.framework; path = System/Library/Frameworks/Foundation.framework; sourceTree = SDKROOT; };
		EF83619119472A23003526D7 /* CoreGraphics.framework */ = {isa = PBXFileReference; lastKnownFileType = wrapper.framework; name = CoreGraphics.framework; path = System/Library/Frameworks/CoreGraphics.framework; sourceTree = SDKROOT; };
		EF83619319472A23003526D7 /* UIKit.framework */ = {isa = PBXFileReference; lastKnownFileType = wrapper.framework; name = UIKit.framework; path = System/Library/Frameworks/UIKit.framework; sourceTree = SDKROOT; };
		EF83619719472A23003526D7 /* SoomlaiOSProfileExample-Info.plist */ = {isa = PBXFileReference; lastKnownFileType = text.plist.xml; path = "SoomlaiOSProfileExample-Info.plist"; sourceTree = "<group>"; };
		EF83619919472A23003526D7 /* en */ = {isa = PBXFileReference; lastKnownFileType = text.plist.strings; name = en; path = en.lproj/InfoPlist.strings; sourceTree = "<group>"; };
		EF83619B19472A23003526D7 /* main.m */ = {isa = PBXFileReference; lastKnownFileType = sourcecode.c.objc; path = main.m; sourceTree = "<group>"; };
		EF83619D19472A23003526D7 /* SoomlaiOSProfileExample-Prefix.pch */ = {isa = PBXFileReference; lastKnownFileType = sourcecode.c.h; path = "SoomlaiOSProfileExample-Prefix.pch"; sourceTree = "<group>"; };
		EF83619E19472A23003526D7 /* AppDelegate.h */ = {isa = PBXFileReference; lastKnownFileType = sourcecode.c.h; path = AppDelegate.h; sourceTree = "<group>"; };
		EF83619F19472A23003526D7 /* AppDelegate.m */ = {isa = PBXFileReference; lastKnownFileType = sourcecode.c.objc; path = AppDelegate.m; sourceTree = "<group>"; };
		EF8361A219472A23003526D7 /* Base */ = {isa = PBXFileReference; lastKnownFileType = file.storyboard; name = Base; path = Base.lproj/Main_iPhone.storyboard; sourceTree = "<group>"; };
		EF8361A519472A23003526D7 /* Base */ = {isa = PBXFileReference; lastKnownFileType = file.storyboard; name = Base; path = Base.lproj/Main_iPad.storyboard; sourceTree = "<group>"; };
		EF8361A719472A23003526D7 /* ViewController.h */ = {isa = PBXFileReference; lastKnownFileType = sourcecode.c.h; path = ViewController.h; sourceTree = "<group>"; };
		EF8361A819472A23003526D7 /* ViewController.m */ = {isa = PBXFileReference; lastKnownFileType = sourcecode.c.objc; path = ViewController.m; sourceTree = "<group>"; };
		EF8361AA19472A23003526D7 /* Images.xcassets */ = {isa = PBXFileReference; lastKnownFileType = folder.assetcatalog; path = Images.xcassets; sourceTree = "<group>"; };
		EF8361B119472A23003526D7 /* XCTest.framework */ = {isa = PBXFileReference; lastKnownFileType = wrapper.framework; name = XCTest.framework; path = Library/Frameworks/XCTest.framework; sourceTree = DEVELOPER_DIR; };
		EF8361EE19473D52003526D7 /* Security.framework */ = {isa = PBXFileReference; lastKnownFileType = wrapper.framework; name = Security.framework; path = System/Library/Frameworks/Security.framework; sourceTree = SDKROOT; };
		EF8361F019473D57003526D7 /* StoreKit.framework */ = {isa = PBXFileReference; lastKnownFileType = wrapper.framework; name = StoreKit.framework; path = System/Library/Frameworks/StoreKit.framework; sourceTree = SDKROOT; };
		EF8361F219473D68003526D7 /* libsqlite3.0.dylib */ = {isa = PBXFileReference; lastKnownFileType = "compiled.mach-o.dylib"; name = libsqlite3.0.dylib; path = usr/lib/libsqlite3.0.dylib; sourceTree = SDKROOT; };
		F842F6A11A09091F00CDCA7C /* Accounts.framework */ = {isa = PBXFileReference; lastKnownFileType = wrapper.framework; name = Accounts.framework; path = System/Library/Frameworks/Accounts.framework; sourceTree = SDKROOT; };
		F842F6A41A09093100CDCA7C /* Social.framework */ = {isa = PBXFileReference; lastKnownFileType = wrapper.framework; name = Social.framework; path = System/Library/Frameworks/Social.framework; sourceTree = SDKROOT; };
		F85EFA4B19FFC832006092AB /* FacebookSDK.framework */ = {isa = PBXFileReference; lastKnownFileType = wrapper.framework; name = FacebookSDK.framework; path = "../social-providers/ios-profile-facebook/libs/FacebookSDK.framework"; sourceTree = "<group>"; };
		F8A87ECA1A1124A200CCB663 /* libSoomlaiOSCore.a */ = {isa = PBXFileReference; lastKnownFileType = archive.ar; name = libSoomlaiOSCore.a; path = "../../../Library/Developer/Xcode/DerivedData/SoomlaiOSProfileExample-fvezqvurtmtmrpbjvlhnczptfjeg/Build/Products/Debug-iphoneos/libSoomlaiOSCore.a"; sourceTree = "<group>"; };
		F8D278A11A0775E10058C109 /* Twitter.framework */ = {isa = PBXFileReference; lastKnownFileType = wrapper.framework; name = Twitter.framework; path = System/Library/Frameworks/Twitter.framework; sourceTree = SDKROOT; };
		F8F9ADC919B34EC900F26856 /* libSoomlaiOSCore.a */ = {isa = PBXFileReference; lastKnownFileType = archive.ar; name = libSoomlaiOSCore.a; path = "../submodules/soomla-ios-core/build/libSoomlaiOSCore.a"; sourceTree = "<group>"; };
/* End PBXFileReference section */

/* Begin PBXFrameworksBuildPhase section */
		EF83618919472A23003526D7 /* Frameworks */ = {
			isa = PBXFrameworksBuildPhase;
			buildActionMask = 2147483647;
			files = (
				2B96413A1C9DFCC300D219F3 /* SystemConfiguration.framework in Frameworks */,
				2B9641361C9DFCA000D219F3 /* Bolts.framework in Frameworks */,
				2B9641371C9DFCA000D219F3 /* FBAudienceNetwork.framework in Frameworks */,
				2B9641381C9DFCA000D219F3 /* FBSDKLoginKit.framework in Frameworks */,
				2B9641391C9DFCA000D219F3 /* FBSDKMessengerShareKit.framework in Frameworks */,
				C0443EC91A279A17004C0E5F /* libSoomlaiOSCore.a in Frameworks */,
				C0443EC71A2798BE004C0E5F /* AdSupport.framework in Frameworks */,
				328450C91A0F99C9006E0E95 /* MediaPlayer.framework in Frameworks */,
				328450C71A0F99C1006E0E95 /* CoreText.framework in Frameworks */,
				EF83619219472A23003526D7 /* CoreGraphics.framework in Frameworks */,
				328450C51A0F99B2006E0E95 /* CoreMotion.framework in Frameworks */,
				328450C31A0F99A9006E0E95 /* CoreLocation.framework in Frameworks */,
				328450C11A0F99A2006E0E95 /* AssetsLibrary.framework in Frameworks */,
				448E9BBC1BFE1B2B0079DD63 /* ../social-providers/ios-profile-facebook/libs/FBSDKShareKit.framework in Frameworks */,
				328450BF1A0F999C006E0E95 /* AddressBook.framework in Frameworks */,
				F842F7D21A0930C300CDCA7C /* Social.framework in Frameworks */,
				F842F7D11A0930B800CDCA7C /* Twitter.framework in Frameworks */,
				F842F7D01A0930B400CDCA7C /* Accounts.framework in Frameworks */,
				3A4D84F3196371740030C5D5 /* libSoomlaiOSProfile.a in Frameworks */,
				EF8361F319473D68003526D7 /* libsqlite3.0.dylib in Frameworks */,
				EF8361F119473D57003526D7 /* StoreKit.framework in Frameworks */,
				EF8361EF19473D52003526D7 /* Security.framework in Frameworks */,
				328450BB1A0F998E006E0E95 /* GoogleOpenSource.framework in Frameworks */,
				328450BD1A0F998E006E0E95 /* GooglePlus.framework in Frameworks */,
				EF83619419472A23003526D7 /* UIKit.framework in Frameworks */,
				448E9BBB1BFE1B2B0079DD63 /* ../social-providers/ios-profile-facebook/libs/FBSDKCoreKit.framework in Frameworks */,
				EF83619019472A23003526D7 /* Foundation.framework in Frameworks */,
			);
			runOnlyForDeploymentPostprocessing = 0;
		};
/* End PBXFrameworksBuildPhase section */

/* Begin PBXGroup section */
		3AF01CE51960C98D0088836B /* Products */ = {
			isa = PBXGroup;
			children = (
				3AF01CEA1960C98D0088836B /* libSoomlaiOSProfile.a */,
			);
			name = Products;
			sourceTree = "<group>";
		};
		448E9BB01BFE1A6C0079DD63 /* Products */ = {
			isa = PBXGroup;
			children = (
				448E9BB41BFE1A6C0079DD63 /* libSoomlaiOSCore.a */,
			);
			name = Products;
			sourceTree = "<group>";
		};
		A681508BED0AC6B159F57344 /* Headers */ = {
			isa = PBXGroup;
			children = (
				A6815D14DCC5A78E222F4665 /* FBAdSize.h */,
				A681525E49D7514A49F5387B /* FBAdView.h */,
				A681574F413CC27228DF6820 /* FBNativeAd.h */,
				A68153CF1412929A5D78E760 /* FBAdDefines.h */,
				A68151079A73A80D7530037A /* FBMediaView.h */,
				A6815F163FF26D8C30BD6959 /* FBAdSettings.h */,
				A6815DE279E7421532CBCFC7 /* FBNativeAdView.h */,
				A6815EA62B60471F25C8D11E /* FBAdChoicesView.h */,
				A681555242B0310A5889D1CB /* FBInterstitialAd.h */,
				A6815306A3EE838A3FA0C95E /* FBAudienceNetwork.h */,
				A6815D594C6B4B80DC019AFE /* FBNativeAdsManager.h */,
				A6815A895987CA847CDB7B93 /* FBNativeAdScrollView.h */,
				A68154A87CE64FDDB5C52543 /* FBNativeAdTableViewAdProvider.h */,
				A6815315ABEB3EB40B6825A7 /* FBNativeAdTableViewCellProvider.h */,
			);
			path = Headers;
			sourceTree = "<group>";
		};
		A6815116D8777FA728C676B6 /* Modules */ = {
			isa = PBXGroup;
			children = (
				A6815C7110110D15CFD4AB15 /* module.modulemap */,
			);
			path = Modules;
			sourceTree = "<group>";
		};
		A68152A31692BE6E913D2BA4 /* Modules */ = {
			isa = PBXGroup;
			children = (
				A6815D23A56F087D7C62E712 /* module.modulemap */,
			);
			path = Modules;
			sourceTree = "<group>";
		};
		A68152CF7F3465D78979CB88 /* Bolts.framework */ = {
			isa = PBXGroup;
			children = (
				A6815ABB25D6BE31A78EBB73 /* Bolts */,
				A6815EA0727DFF282DF4CC45 /* Headers */,
				A68152A31692BE6E913D2BA4 /* Modules */,
				A68154C5C278416A0F5354D9 /* Info.plist */,
			);
			path = Bolts.framework;
			sourceTree = "<group>";
		};
		A681534365E5B72CE828B67C /* Headers */ = {
			isa = PBXGroup;
			children = (
				A681555D4B06D6174714C6C4 /* FBSDKLoginKit.h */,
				A681572DD1C90C34E5ABF9CC /* FBSDKLoginButton.h */,
				A681575F66EA404C9317C623 /* FBSDKTooltipView.h */,
				A681586FC0E415A191263EB5 /* FBSDKLoginManager.h */,
				A68158D757514E6D8E0D4EC7 /* FBSDKLoginConstants.h */,
				A6815E1E7B19770D86D2370E /* FBSDKLoginTooltipView.h */,
				A6815B1F41BBE3EC05CC4CBA /* FBSDKLoginManagerLoginResult.h */,
			);
			path = Headers;
			sourceTree = "<group>";
		};
		A6815565CA2AD309529660FF /* FBSDKMessengerShareKit.framework */ = {
			isa = PBXGroup;
			children = (
				A6815A61B2F4EC8D640A1B56 /* Headers */,
				A6815D5F798D1EECF81B6179 /* Modules */,
				A68152DA085270074EBCA2E9 /* Info.plist */,
				A681556E5FD3F3BA9557F5B7 /* FBSDKMessengerShareKit */,
			);
			path = FBSDKMessengerShareKit.framework;
			sourceTree = "<group>";
		};
		A68155DEF6F5C717297465D3 /* Modules */ = {
			isa = PBXGroup;
			children = (
				A6815168677580A5E3AD670D /* module.modulemap */,
			);
			path = Modules;
			sourceTree = "<group>";
		};
		A681596724D2F5DC9DEAF007 /* FBAudienceNetwork.framework */ = {
			isa = PBXGroup;
			children = (
				A681508BED0AC6B159F57344 /* Headers */,
				A6815116D8777FA728C676B6 /* Modules */,
				A68158FDB782D972C9849D89 /* Info.plist */,
				A68153FACB0ABE1CCE3DD340 /* FBAudienceNetwork */,
			);
			path = FBAudienceNetwork.framework;
			sourceTree = "<group>";
		};
		A6815A61B2F4EC8D640A1B56 /* Headers */ = {
			isa = PBXGroup;
			children = (
				A6815F07F67BEEBCA2B15867 /* FBSDKMessengerButton.h */,
				A68157CB65B1DD2C4166CFD9 /* FBSDKMessengerSharer.h */,
				A681579D1FE7A2F2955BBAF4 /* FBSDKMessengerContext.h */,
				A6815A73D4838994FEBEF41D /* FBSDKMessengerShareKit.h */,
				A68157CB39AAF441D80EC6DF /* FBSDKMessengerURLHandler.h */,
				A681527AEEA3037A5ED3DFBF /* FBSDKMessengerShareOptions.h */,
				A68151CBAD7F5660ED2969AB /* FBSDKMessengerBroadcastContext.h */,
				A681547569AC1A2622FFF389 /* FBSDKMessengerURLHandlerReplyContext.h */,
				A68153D59F192A8F206EAF8D /* FBSDKMessengerURLHandlerCancelContext.h */,
				A6815AE2C6B991A5C162651E /* FBSDKMessengerURLHandlerOpenFromComposerContext.h */,
			);
			path = Headers;
			sourceTree = "<group>";
		};
		A6815AF54488F23749B3DC51 /* FBSDKLoginKit.framework */ = {
			isa = PBXGroup;
			children = (
				A681534365E5B72CE828B67C /* Headers */,
				A68155DEF6F5C717297465D3 /* Modules */,
				A6815EE433FE8C9FD09DA64B /* Info.plist */,
				A681543C8DE3DB2D3C3791F9 /* FBSDKLoginKit */,
			);
			path = FBSDKLoginKit.framework;
			sourceTree = "<group>";
		};
		A6815D5F798D1EECF81B6179 /* Modules */ = {
			isa = PBXGroup;
			children = (
				A68158DBAC9700D352F139D7 /* module.modulemap */,
			);
			path = Modules;
			sourceTree = "<group>";
		};
		A6815EA0727DFF282DF4CC45 /* Headers */ = {
			isa = PBXGroup;
			children = (
				A68158776D4B14028E32D224 /* BFURL.h */,
				A6815979023AAFE02856A40E /* Bolts.h */,
				A6815C5003407F2879504E9F /* BFTask.h */,
				A6815C41F676CA51029A9B96 /* BFAppLink.h */,
				A6815B4B920A2D2BBC0640AF /* BFExecutor.h */,
				A6815B18407356EFB1065CAB /* BoltsVersion.h */,
				A6815CF09737C27BAD046310 /* BFAppLinkTarget.h */,
				A68153CB23D6D31D863CB1D9 /* BFAppLinkResolving.h */,
				A68152D8D8FD1C261DE99ACE /* BFMeasurementEvent.h */,
				A6815B184D4A5D4C57AEFB6F /* BFAppLinkNavigation.h */,
				A68156562D94F1C1F81AE33E /* BFCancellationToken.h */,
				A681522EB8A626DBB5B2B866 /* BFTaskCompletionSource.h */,
				A681520F1D136A20083AFD6C /* BFWebViewAppLinkResolver.h */,
				A6815E3B404595B8804E8DB9 /* BFCancellationTokenSource.h */,
				A6815C82DE1E97D30EB25ABD /* BFAppLinkReturnToRefererView.h */,
				A68159F5835E601EA18B7440 /* BFCancellationTokenRegistration.h */,
				A681504D4843DA4A889A9E35 /* BFAppLinkReturnToRefererController.h */,
			);
			path = Headers;
			sourceTree = "<group>";
		};
		EF83618319472A23003526D7 = {
			isa = PBXGroup;
			children = (
				448E9BB61BFE1B2A0079DD63 /* ../social-providers/ios-profile-facebook/libs/FacebookSDKStrings.bundle */,
				448E9BB71BFE1B2A0079DD63 /* ../social-providers/ios-profile-facebook/libs/FBSDKCoreKit.framework */,
				448E9BB81BFE1B2B0079DD63 /* ../social-providers/ios-profile-facebook/libs/FBSDKShareKit.framework */,
				448E9BAF1BFE1A6C0079DD63 /* SoomlaiOSCore.xcodeproj */,
				3AF01CE41960C98D0088836B /* SoomlaiOSProfile.xcodeproj */,
				EF83619519472A23003526D7 /* SoomlaiOSProfileExample */,
				EF83618E19472A23003526D7 /* Frameworks */,
				EF83618D19472A23003526D7 /* Products */,
				A6815AF54488F23749B3DC51 /* FBSDKLoginKit.framework */,
				A681596724D2F5DC9DEAF007 /* FBAudienceNetwork.framework */,
				A68152CF7F3465D78979CB88 /* Bolts.framework */,
				A6815565CA2AD309529660FF /* FBSDKMessengerShareKit.framework */,
			);
			sourceTree = "<group>";
		};
		EF83618D19472A23003526D7 /* Products */ = {
			isa = PBXGroup;
			children = (
				EF83618C19472A23003526D7 /* SoomlaiOSProfileExample.app */,
			);
			name = Products;
			sourceTree = "<group>";
		};
		EF83618E19472A23003526D7 /* Frameworks */ = {
			isa = PBXGroup;
			children = (
				2B9641321C9DFCA000D219F3 /* Bolts.framework */,
				2B9641331C9DFCA000D219F3 /* FBAudienceNetwork.framework */,
				2B9641341C9DFCA000D219F3 /* FBSDKLoginKit.framework */,
				2B9641351C9DFCA000D219F3 /* FBSDKMessengerShareKit.framework */,
				C0443EC81A279A17004C0E5F /* libSoomlaiOSCore.a */,
				C0443EC61A2798BE004C0E5F /* AdSupport.framework */,
				F8A87ECA1A1124A200CCB663 /* libSoomlaiOSCore.a */,
				328450CA1A0F99D5006E0E95 /* SystemConfiguration.framework */,
				328450C81A0F99C9006E0E95 /* MediaPlayer.framework */,
				328450C61A0F99C1006E0E95 /* CoreText.framework */,
				328450C41A0F99B2006E0E95 /* CoreMotion.framework */,
				328450C21A0F99A9006E0E95 /* CoreLocation.framework */,
				328450C01A0F99A2006E0E95 /* AssetsLibrary.framework */,
				328450BE1A0F999C006E0E95 /* AddressBook.framework */,
				328450B81A0F998E006E0E95 /* GoogleOpenSource.framework */,
				328450B91A0F998E006E0E95 /* GooglePlus.bundle */,
				328450BA1A0F998E006E0E95 /* GooglePlus.framework */,
				F842F6A41A09093100CDCA7C /* Social.framework */,
				F842F6A11A09091F00CDCA7C /* Accounts.framework */,
				F8D278A11A0775E10058C109 /* Twitter.framework */,
				F85EFA4B19FFC832006092AB /* FacebookSDK.framework */,
				F8F9ADC919B34EC900F26856 /* libSoomlaiOSCore.a */,
				EF8361F219473D68003526D7 /* libsqlite3.0.dylib */,
				EF8361F019473D57003526D7 /* StoreKit.framework */,
				EF8361EE19473D52003526D7 /* Security.framework */,
				EF83618F19472A23003526D7 /* Foundation.framework */,
				EF83619119472A23003526D7 /* CoreGraphics.framework */,
				EF83619319472A23003526D7 /* UIKit.framework */,
				EF8361B119472A23003526D7 /* XCTest.framework */,
			);
			name = Frameworks;
			sourceTree = "<group>";
		};
		EF83619519472A23003526D7 /* SoomlaiOSProfileExample */ = {
			isa = PBXGroup;
			children = (
				EF83619E19472A23003526D7 /* AppDelegate.h */,
				EF83619F19472A23003526D7 /* AppDelegate.m */,
				EF8361A119472A23003526D7 /* Main_iPhone.storyboard */,
				EF8361A419472A23003526D7 /* Main_iPad.storyboard */,
				EF8361A719472A23003526D7 /* ViewController.h */,
				EF8361A819472A23003526D7 /* ViewController.m */,
				EF8361AA19472A23003526D7 /* Images.xcassets */,
				EF83619619472A23003526D7 /* Supporting Files */,
			);
			path = SoomlaiOSProfileExample;
			sourceTree = "<group>";
		};
		EF83619619472A23003526D7 /* Supporting Files */ = {
			isa = PBXGroup;
			children = (
				EF83619719472A23003526D7 /* SoomlaiOSProfileExample-Info.plist */,
				EF83619819472A23003526D7 /* InfoPlist.strings */,
				EF83619B19472A23003526D7 /* main.m */,
				EF83619D19472A23003526D7 /* SoomlaiOSProfileExample-Prefix.pch */,
			);
			name = "Supporting Files";
			sourceTree = "<group>";
		};
/* End PBXGroup section */

/* Begin PBXNativeTarget section */
		EF83618B19472A23003526D7 /* SoomlaiOSProfileExample */ = {
			isa = PBXNativeTarget;
			buildConfigurationList = EF8361C119472A23003526D7 /* Build configuration list for PBXNativeTarget "SoomlaiOSProfileExample" */;
			buildPhases = (
				EF83618819472A23003526D7 /* Sources */,
				EF83618919472A23003526D7 /* Frameworks */,
				EF83618A19472A23003526D7 /* Resources */,
			);
			buildRules = (
			);
			dependencies = (
				3A4D84EF1961BE460030C5D5 /* PBXTargetDependency */,
			);
			name = SoomlaiOSProfileExample;
			productName = SoomlaiOSProfileExample;
			productReference = EF83618C19472A23003526D7 /* SoomlaiOSProfileExample.app */;
			productType = "com.apple.product-type.application";
		};
/* End PBXNativeTarget section */

/* Begin PBXProject section */
		EF83618419472A23003526D7 /* Project object */ = {
			isa = PBXProject;
			attributes = {
				LastUpgradeCheck = 0510;
				ORGANIZATIONNAME = Soomla;
			};
			buildConfigurationList = EF83618719472A23003526D7 /* Build configuration list for PBXProject "SoomlaiOSProfileExample" */;
			compatibilityVersion = "Xcode 3.2";
			developmentRegion = English;
			hasScannedForEncodings = 0;
			knownRegions = (
				en,
				Base,
			);
			mainGroup = EF83618319472A23003526D7;
			productRefGroup = EF83618D19472A23003526D7 /* Products */;
			projectDirPath = "";
			projectReferences = (
				{
					ProductGroup = 448E9BB01BFE1A6C0079DD63 /* Products */;
					ProjectRef = 448E9BAF1BFE1A6C0079DD63 /* SoomlaiOSCore.xcodeproj */;
				},
				{
					ProductGroup = 3AF01CE51960C98D0088836B /* Products */;
					ProjectRef = 3AF01CE41960C98D0088836B /* SoomlaiOSProfile.xcodeproj */;
				},
			);
			projectRoot = "";
			targets = (
				EF83618B19472A23003526D7 /* SoomlaiOSProfileExample */,
			);
		};
/* End PBXProject section */

/* Begin PBXReferenceProxy section */
		3AF01CEA1960C98D0088836B /* libSoomlaiOSProfile.a */ = {
			isa = PBXReferenceProxy;
			fileType = archive.ar;
			path = libSoomlaiOSProfile.a;
			remoteRef = 3AF01CE91960C98D0088836B /* PBXContainerItemProxy */;
			sourceTree = BUILT_PRODUCTS_DIR;
		};
		448E9BB41BFE1A6C0079DD63 /* libSoomlaiOSCore.a */ = {
			isa = PBXReferenceProxy;
			fileType = archive.ar;
			path = libSoomlaiOSCore.a;
			remoteRef = 448E9BB31BFE1A6C0079DD63 /* PBXContainerItemProxy */;
			sourceTree = BUILT_PRODUCTS_DIR;
		};
/* End PBXReferenceProxy section */

/* Begin PBXResourcesBuildPhase section */
		EF83618A19472A23003526D7 /* Resources */ = {
			isa = PBXResourcesBuildPhase;
			buildActionMask = 2147483647;
			files = (
				EF8361A619472A23003526D7 /* Main_iPad.storyboard in Resources */,
				328450BC1A0F998E006E0E95 /* GooglePlus.bundle in Resources */,
				EF8361AB19472A23003526D7 /* Images.xcassets in Resources */,
				448E9BBA1BFE1B2B0079DD63 /* ../social-providers/ios-profile-facebook/libs/FacebookSDKStrings.bundle in Resources */,
				EF8361A319472A23003526D7 /* Main_iPhone.storyboard in Resources */,
				EF83619A19472A23003526D7 /* InfoPlist.strings in Resources */,
				A6815921BF54E3384B0516C3 /* Info.plist in Resources */,
				A6815E471CCE0DC6D5A951D0 /* FBSDKLoginKit in Resources */,
				A6815DE9B602C2E7F546B94C /* Info.plist in Resources */,
				A68156ABA642C0CD10EFDAA3 /* FBAudienceNetwork in Resources */,
				A6815E0EC74654D85E170404 /* Bolts in Resources */,
				A68157D5B5983962E1635A05 /* Info.plist in Resources */,
				A6815C4004DAC1ED678667AF /* Info.plist in Resources */,
				A68154D8FFEC09F83E807BF3 /* FBSDKMessengerShareKit in Resources */,
			);
			runOnlyForDeploymentPostprocessing = 0;
		};
/* End PBXResourcesBuildPhase section */

/* Begin PBXSourcesBuildPhase section */
		EF83618819472A23003526D7 /* Sources */ = {
			isa = PBXSourcesBuildPhase;
			buildActionMask = 2147483647;
			files = (
				EF8361A919472A23003526D7 /* ViewController.m in Sources */,
				EF8361A019472A23003526D7 /* AppDelegate.m in Sources */,
				EF83619C19472A23003526D7 /* main.m in Sources */,
				A6815D4F29E86927C586BEC6 /* module.modulemap in Sources */,
				A6815979503EAEA3055B43AB /* module.modulemap in Sources */,
				A68156A4D64A3B43AA23FED3 /* module.modulemap in Sources */,
				A681565D16B45AB7B208F8E4 /* module.modulemap in Sources */,
			);
			runOnlyForDeploymentPostprocessing = 0;
		};
/* End PBXSourcesBuildPhase section */

/* Begin PBXTargetDependency section */
		3A4D84EF1961BE460030C5D5 /* PBXTargetDependency */ = {
			isa = PBXTargetDependency;
			name = SoomlaiOSProfile;
			targetProxy = 3A4D84EE1961BE460030C5D5 /* PBXContainerItemProxy */;
		};
/* End PBXTargetDependency section */

/* Begin PBXVariantGroup section */
		EF83619819472A23003526D7 /* InfoPlist.strings */ = {
			isa = PBXVariantGroup;
			children = (
				EF83619919472A23003526D7 /* en */,
			);
			name = InfoPlist.strings;
			sourceTree = "<group>";
		};
		EF8361A119472A23003526D7 /* Main_iPhone.storyboard */ = {
			isa = PBXVariantGroup;
			children = (
				EF8361A219472A23003526D7 /* Base */,
			);
			name = Main_iPhone.storyboard;
			sourceTree = "<group>";
		};
		EF8361A419472A23003526D7 /* Main_iPad.storyboard */ = {
			isa = PBXVariantGroup;
			children = (
				EF8361A519472A23003526D7 /* Base */,
			);
			name = Main_iPad.storyboard;
			sourceTree = "<group>";
		};
/* End PBXVariantGroup section */

/* Begin XCBuildConfiguration section */
		EF8361BF19472A23003526D7 /* Debug */ = {
			isa = XCBuildConfiguration;
			buildSettings = {
				ALWAYS_SEARCH_USER_PATHS = NO;
				CLANG_CXX_LANGUAGE_STANDARD = "gnu++0x";
				CLANG_CXX_LIBRARY = "libc++";
				CLANG_ENABLE_MODULES = YES;
				CLANG_ENABLE_OBJC_ARC = YES;
				CLANG_WARN_BOOL_CONVERSION = YES;
				CLANG_WARN_CONSTANT_CONVERSION = YES;
				CLANG_WARN_DIRECT_OBJC_ISA_USAGE = YES_ERROR;
				CLANG_WARN_EMPTY_BODY = YES;
				CLANG_WARN_ENUM_CONVERSION = YES;
				CLANG_WARN_INT_CONVERSION = YES;
				CLANG_WARN_OBJC_ROOT_CLASS = YES_ERROR;
				CLANG_WARN__DUPLICATE_METHOD_MATCH = YES;
				"CODE_SIGN_IDENTITY[sdk=iphoneos*]" = "iPhone Developer";
				COPY_PHASE_STRIP = NO;
				GCC_C_LANGUAGE_STANDARD = gnu99;
				GCC_DYNAMIC_NO_PIC = NO;
				GCC_OPTIMIZATION_LEVEL = 0;
				GCC_PREPROCESSOR_DEFINITIONS = (
					"DEBUG=1",
					"$(inherited)",
				);
				GCC_SYMBOLS_PRIVATE_EXTERN = NO;
				GCC_WARN_64_TO_32_BIT_CONVERSION = YES;
				GCC_WARN_ABOUT_RETURN_TYPE = YES_ERROR;
				GCC_WARN_UNDECLARED_SELECTOR = YES;
				GCC_WARN_UNINITIALIZED_AUTOS = YES_AGGRESSIVE;
				GCC_WARN_UNUSED_FUNCTION = YES;
				GCC_WARN_UNUSED_VARIABLE = YES;
				HEADER_SEARCH_PATHS = (
					"$(inherited)",
					/Applications/Xcode.app/Contents/Developer/Toolchains/XcodeDefault.xctoolchain/usr/include,
					"$(SRCROOT)/../submodules/soomla-ios-core/SoomlaiOSCore/**",
				);
				IPHONEOS_DEPLOYMENT_TARGET = 7.1;
				ONLY_ACTIVE_ARCH = YES;
				SDKROOT = iphoneos;
				SOOMLA_HOME = "$(SRCROOT)/../..";
				TARGETED_DEVICE_FAMILY = "1,2";
			};
			name = Debug;
		};
		EF8361C019472A23003526D7 /* Release */ = {
			isa = XCBuildConfiguration;
			buildSettings = {
				ALWAYS_SEARCH_USER_PATHS = NO;
				CLANG_CXX_LANGUAGE_STANDARD = "gnu++0x";
				CLANG_CXX_LIBRARY = "libc++";
				CLANG_ENABLE_MODULES = YES;
				CLANG_ENABLE_OBJC_ARC = YES;
				CLANG_WARN_BOOL_CONVERSION = YES;
				CLANG_WARN_CONSTANT_CONVERSION = YES;
				CLANG_WARN_DIRECT_OBJC_ISA_USAGE = YES_ERROR;
				CLANG_WARN_EMPTY_BODY = YES;
				CLANG_WARN_ENUM_CONVERSION = YES;
				CLANG_WARN_INT_CONVERSION = YES;
				CLANG_WARN_OBJC_ROOT_CLASS = YES_ERROR;
				CLANG_WARN__DUPLICATE_METHOD_MATCH = YES;
				"CODE_SIGN_IDENTITY[sdk=iphoneos*]" = "iPhone Developer";
				COPY_PHASE_STRIP = YES;
				ENABLE_NS_ASSERTIONS = NO;
				GCC_C_LANGUAGE_STANDARD = gnu99;
				GCC_WARN_64_TO_32_BIT_CONVERSION = YES;
				GCC_WARN_ABOUT_RETURN_TYPE = YES_ERROR;
				GCC_WARN_UNDECLARED_SELECTOR = YES;
				GCC_WARN_UNINITIALIZED_AUTOS = YES_AGGRESSIVE;
				GCC_WARN_UNUSED_FUNCTION = YES;
				GCC_WARN_UNUSED_VARIABLE = YES;
				HEADER_SEARCH_PATHS = (
					"$(inherited)",
					/Applications/Xcode.app/Contents/Developer/Toolchains/XcodeDefault.xctoolchain/usr/include,
					"$(SRCROOT)/../submodules/soomla-ios-core/SoomlaiOSCore/**",
				);
				IPHONEOS_DEPLOYMENT_TARGET = 7.1;
				SDKROOT = iphoneos;
				SOOMLA_HOME = "$(SRCROOT)/../..";
				TARGETED_DEVICE_FAMILY = "1,2";
				VALIDATE_PRODUCT = YES;
			};
			name = Release;
		};
		EF8361C219472A23003526D7 /* Debug */ = {
			isa = XCBuildConfiguration;
			buildSettings = {
				ASSETCATALOG_COMPILER_APPICON_NAME = AppIcon;
				ASSETCATALOG_COMPILER_LAUNCHIMAGE_NAME = LaunchImage;
				CLANG_CXX_LIBRARY = "libc++";
				CODE_SIGN_IDENTITY = "iPhone Developer";
				ENABLE_BITCODE = NO;
				FRAMEWORK_SEARCH_PATHS = (
					"$(inherited)",
					"$(SRCROOT)/../social-providers/ios-profile-facebook/libs",
					"$(SRCROOT)/../social-providers/ios-profile-google/libs",
					"$(PROJECT_DIR)",
				);
				GCC_PRECOMPILE_PREFIX_HEADER = YES;
				GCC_PREFIX_HEADER = "SoomlaiOSProfileExample/SoomlaiOSProfileExample-Prefix.pch";
				HEADER_SEARCH_PATHS = (
					"$(inherited)",
					/Applications/Xcode.app/Contents/Developer/Toolchains/XcodeDefault.xctoolchain/usr/include,
					"../../ios-store/build/headers/**",
					"../SoomlaiOSProfile/**",
				);
				INFOPLIST_FILE = "SoomlaiOSProfileExample/SoomlaiOSProfileExample-Info.plist";
				LIBRARY_SEARCH_PATHS = (
					"$(SRCROOT)/../build/**",
					"$(SRCROOT)/../build/ios-profile-facebook",
					"$(SRCROOT)/../build/ios-profile-twitter",
					"$(SRCROOT)/../build/ios-profile-google",
					"$(SRCROOT)/../build/ios-profile-gamecenter",
				);
				OTHER_LDFLAGS = (
					"-all_load",
					"-ObjC",
					"-lSoomlaiOSProfileFacebook",
					"-lSTTwitter",
					"-lSoomlaiOSProfileTwitter",
					"-lSoomlaiOSProfileGameCenter",
				);
				PRODUCT_NAME = "$(TARGET_NAME)";
				PROVISIONING_PROFILE = "";
				TARGETED_DEVICE_FAMILY = 1;
				USER_HEADER_SEARCH_PATHS = "\"${PROJECT_DIR}/ios-profile-gamecenter\"/**";
				WRAPPER_EXTENSION = app;
			};
			name = Debug;
		};
		EF8361C319472A23003526D7 /* Release */ = {
			isa = XCBuildConfiguration;
			buildSettings = {
				ASSETCATALOG_COMPILER_APPICON_NAME = AppIcon;
				ASSETCATALOG_COMPILER_LAUNCHIMAGE_NAME = LaunchImage;
				CLANG_CXX_LIBRARY = "libc++";
				CODE_SIGN_IDENTITY = "iPhone Developer";
				ENABLE_BITCODE = NO;
				FRAMEWORK_SEARCH_PATHS = (
					"$(inherited)",
					"$(SRCROOT)/../social-providers/ios-profile-facebook/libs",
					"$(SRCROOT)/../social-providers/ios-profile-google/libs",
					"$(PROJECT_DIR)",
				);
				GCC_PRECOMPILE_PREFIX_HEADER = YES;
				GCC_PREFIX_HEADER = "SoomlaiOSProfileExample/SoomlaiOSProfileExample-Prefix.pch";
				HEADER_SEARCH_PATHS = (
					"$(inherited)",
					/Applications/Xcode.app/Contents/Developer/Toolchains/XcodeDefault.xctoolchain/usr/include,
					"../../ios-store/build/headers/**",
					"../SoomlaiOSProfile/**",
				);
				INFOPLIST_FILE = "SoomlaiOSProfileExample/SoomlaiOSProfileExample-Info.plist";
				LIBRARY_SEARCH_PATHS = (
					"$(SRCROOT)/../build/**",
					"$(SRCROOT)/../build/ios-profile-facebook",
					"$(SRCROOT)/../build/ios-profile-twitter",
					"$(SRCROOT)/../build/ios-profile-google",
					"$(SRCROOT)/../build/ios-profile-gamecenter",
				);
				OTHER_LDFLAGS = (
					"-all_load",
					"-ObjC",
					"-lSoomlaiOSProfileFacebook",
					"-lSTTwitter",
					"-lSoomlaiOSProfileTwitter",
					"-lSoomlaiOSProfileGameCenter",
				);
				PRODUCT_NAME = "$(TARGET_NAME)";
				PROVISIONING_PROFILE = "";
				TARGETED_DEVICE_FAMILY = 1;
				USER_HEADER_SEARCH_PATHS = "\"${PROJECT_DIR}/ios-profile-gamecenter\"/**";
				WRAPPER_EXTENSION = app;
			};
			name = Release;
		};
/* End XCBuildConfiguration section */

/* Begin XCConfigurationList section */
		EF83618719472A23003526D7 /* Build configuration list for PBXProject "SoomlaiOSProfileExample" */ = {
			isa = XCConfigurationList;
			buildConfigurations = (
				EF8361BF19472A23003526D7 /* Debug */,
				EF8361C019472A23003526D7 /* Release */,
			);
			defaultConfigurationIsVisible = 0;
			defaultConfigurationName = Release;
		};
		EF8361C119472A23003526D7 /* Build configuration list for PBXNativeTarget "SoomlaiOSProfileExample" */ = {
			isa = XCConfigurationList;
			buildConfigurations = (
				EF8361C219472A23003526D7 /* Debug */,
				EF8361C319472A23003526D7 /* Release */,
			);
			defaultConfigurationIsVisible = 0;
			defaultConfigurationName = Release;
		};
/* End XCConfigurationList section */
	};
	rootObject = EF83618419472A23003526D7 /* Project object */;
}
